
Microsoft Visual Studio Solution File, Format Version 12.00
# Visual Studio Version 16
VisualStudioVersion = 16.0.30621.155
MinimumVisualStudioVersion = 10.0.40219.1
Project("{FAE04EC0-301F-11D3-BF4B-00C04F79EFBC}") = "Simulation", "Simulation\Simulation.csproj", "{FF55A4D9-9056-440F-B61F-0342B318182D}"
EndProject
Global
	GlobalSection(SolutionConfigurationPlatforms) = preSolution
		Debug|Any CPU = Debug|Any CPU
		Release|Any CPU = Release|Any CPU
	EndGlobalSection
	GlobalSection(ProjectConfigurationPlatforms) = postSolution
		{FF55A4D9-9056-440F-B61F-0342B318182D}.Debug|Any CPU.ActiveCfg = Debug|Any CPU
		{FF55A4D9-9056-440F-B61F-0342B318182D}.Debug|Any CPU.Build.0 = Debug|Any CPU
		{FF55A4D9-9056-440F-B61F-0342B318182D}.Release|Any CPU.ActiveCfg = Release|Any CPU
		{FF55A4D9-9056-440F-B61F-0342B318182D}.Release|Any CPU.Build.0 = Release|Any CPU
	EndGlobalSection
	GlobalSection(SolutionProperties) = preSolution
		HideSolutionNode = FALSE
	EndGlobalSection
	GlobalSection(ExtensibilityGlobals) = postSolution
		SolutionGuid = {20E0684C-25D7-475D-A749-C5636AB30E0D}
	EndGlobalSection
EndGlobal
